{
  "name": "dep-risk-sample-app",
  "version": "1.0.0",
  "lockfileVersion": 3,
  "requires": true,
  "packages": {
    "": {
      "name": "dep-risk-sample-app",
      "version": "1.0.0",
      "dependencies": {
        "lodash": "4.17.20",
        "minimist": "1.2.5"
      },
      "devDependencies": {
        "semver": "5.7.0"
      },
      "engines": {
        "node": "18"
      }
    },
    "node_modules/lodash": {
      "version": "4.17.20",
      "resolved": "https://registry.npmjs.org/lodash/-/lodash-4.17.20.tgz",
      "integrity": "sha512-PlhdFcillOINfeV7Ni6oF1TAEayyZBoZ8bsvqVNyz8zZsZmiN5+vcdWDhSYJHPPYPtvbB3w4H2pM6+dxVdBlqmg=="
    },
    "node_modules/minimist": {
      "version": "1.2.5",
      "resolved": "https://registry.npmjs.org/minimist/-/minimist-1.2.5.tgz",
      "integrity": "sha512-FM9nNUYrRBAELZQT3rzZQ1vR5Yd9kX0+R/kEctDxxlR5NHLqyFZcR6r7jU7vJgXEqqsx2g+n+4+d8m0GdKcqUw=="
    },
    "node_modules/semver": {
      "version": "5.7.0",
      "resolved": "https://registry.npmjs.org/semver/-/semver-5.7.0.tgz",
      "integrity": "sha512-Ya52jSX2u7QKghxeoFGpLwCtGlt7j0oY9DYb5ext3/c1d8iA2sv9eWCa6tQ5qQ6Qb1Z5w2wXYc3z+OKq5/3I5g=="
    }
  }
}
